Microsoft Visual Studio Solution File, Format Version 12.00
# Visual Studio Version 17
VisualStudioVersion = 17.10.35122.118
MinimumVisualStudioVersion = 10.0.40219.1
Project("{9A19103F-16F7-4668-BE54-9A1E7A4F7556}") = "Udemy.AppHost", "Udemy.AppHost\Udemy.AppHost.csproj", "{2876598C-67AB-46A2-ACD0-08A14E28D5C1}"
EndProject
Project("{9A19103F-16F7-4668-BE54-9A1E7A4F7556}") = "Udemy.ServiceDefaults", "Udemy.ServiceDefaults\Udemy.ServiceDefaults.csproj", "{DB1A7089-73EB-4C35-812E-296C87E0A851}"
EndProject
Project("{9A19103F-16F7-4668-BE54-9A1E7A4F7556}") = "Udemy.Tests", "Udemy.Tests\Udemy.Tests.csproj", "{7545E695-109D-4201-95FB-064F023AC1F9}"
EndProject
Project("{2150E333-8FDC-42A3-9474-1A3956D46DE8}") = "Udemy.User", "Udemy.User", "{F3DC24B1-4DF4-4397-9485-08DC97F5CFFC}"
EndProject
Project("{2150E333-8FDC-42A3-9474-1A3956D46DE8}") = "Udemy.Course", "Udemy.Course", "{380C7C5A-F126-4461-8CBE-2F94F448D02F}"
EndProject
Project("{2150E333-8FDC-42A3-9474-1A3956D46DE8}") = "Udemy.Lesson", "Udemy.Lesson", "{028F90BB-AC50-47E9-ACA0-E2EB44332103}"
EndProject
Project("{2150E333-8FDC-42A3-9474-1A3956D46DE8}") = "Udemy.Certificate", "Udemy.Certificate", "{058FE1DE-700A-4636-9FA8-D49514A6F1B0}"
EndProject
Project("{2150E333-8FDC-42A3-9474-1A3956D46DE8}") = "Udemy.Admin", "Udemy.Admin", "{53B6CC7D-9E67-4BBD-BB0D-937A60FC52D8}"
EndProject
Project("{2150E333-8FDC-42A3-9474-1A3956D46DE8}") = "Udemy.Notification", "Udemy.Notification", "{97204507-869E-4D28-BD2A-D43DD2C28844}"
EndProject
Project("{2150E333-8FDC-42A3-9474-1A3956D46DE8}") = "Udemy.Support", "Udemy.Support", "{85C41AB9-E60B-4F93-A796-CAC033AC54B1}"
EndProject
Project("{2150E333-8FDC-42A3-9474-1A3956D46DE8}") = "Udemy.Language", "Udemy.Language", "{A5B80E93-EA85-4FBF-8BF7-35A4CEE158BB}"
EndProject
Project("{2150E333-8FDC-42A3-9474-1A3956D46DE8}") = "Udemy.Streaming", "Udemy.Streaming", "{117DCA14-3E38-4150-99DB-1F1D0753F63A}"
EndProject
Project("{9A19103F-16F7-4668-BE54-9A1E7A4F7556}") = "Udemy.User.API", "Udemy.User\Udemy.User.API\Udemy.User.API.csproj", "{86354F81-E54A-449E-8412-C3E4C8C741BB}"
EndProject
Project("{9A19103F-16F7-4668-BE54-9A1E7A4F7556}") = "Udemy.Support.API", "Udemy.Support\Udemy.Support.API\Udemy.Support.API.csproj", "{0AA1C997-FE42-4B55-A6D1-8CAEC8C2A47F}"
EndProject
Project("{9A19103F-16F7-4668-BE54-9A1E7A4F7556}") = "Udemy.Streaming.API", "Udemy.Streaming\Udemy.Streaming.API\Udemy.Streaming.API.csproj", "{E38D0938-CCAB-4146-971C-F0F06EBA881D}"
EndProject
Project("{9A19103F-16F7-4668-BE54-9A1E7A4F7556}") = "Udemy.Notification.API", "Udemy.Notification\Udemy.Notification.API\Udemy.Notification.API.csproj", "{12BB7065-83C2-4D99-A224-85AF70346822}"
EndProject
Project("{9A19103F-16F7-4668-BE54-9A1E7A4F7556}") = "Udemy.Lesson.API", "Udemy.Lesson\Udemy.Lesson.API\Udemy.Lesson.API.csproj", "{F4CCE2C7-51AA-48F2-AABE-A112CA1F5D13}"
EndProject
Project("{9A19103F-16F7-4668-BE54-9A1E7A4F7556}") = "Udemy.Language.API", "Udemy.Language\Udemy.Language.API\Udemy.Language.API.csproj", "{1FAA0F8D-9778-49E0-B05B-BA6A61F76A25}"
EndProject
Project("{9A19103F-16F7-4668-BE54-9A1E7A4F7556}") = "Udemy.Course.API", "Udemy.Course\Udemy.Course.API\Udemy.Course.API.csproj", "{6A614D06-C816-49E6-AE4E-93B4F84EC85C}"
EndProject
Project("{9A19103F-16F7-4668-BE54-9A1E7A4F7556}") = "Udemy.Certificate.API", "Udemy.Certificate\Udemy.Certificate.API\Udemy.Certificate.API.csproj", "{7C5DB075-B9E7-4EEC-9095-1A9D94E03CFC}"
EndProject
Project("{9A19103F-16F7-4668-BE54-9A1E7A4F7556}") = "Udemy.Admin.API", "Udemy.Admin\Udemy.Admin.API\Udemy.Admin.API.csproj", "{100CB83A-D71B-4D41-BF8F-B3297469FA23}"
EndProject
Project("{2150E333-8FDC-42A3-9474-1A3956D46DE8}") = "Udemy.Payment", "Udemy.Payment", "{379D703E-6CF1-4058-8ECB-6E9BB23E934E}"
EndProject
Project("{9A19103F-16F7-4668-BE54-9A1E7A4F7556}") = "Udemy.Payment.API", "Udemy.Payment\Udemy.Payment.API\Udemy.Payment.API.csproj", "{B140F9BB-4384-477D-9845-47C062B7E06F}"
EndProject
Project("{2150E333-8FDC-42A3-9474-1A3956D46DE8}") = "Udemy.Search", "Udemy.Search", "{14CCEDFB-5058-4B7E-AF7C-719183E6A6E9}"
EndProject
Project("{2150E333-8FDC-42A3-9474-1A3956D46DE8}") = "Udemy.Rating", "Udemy.Rating", "{F640C33F-FE0E-40AD-B84D-80047D4A8BEA}"
EndProject
Project("{9A19103F-16F7-4668-BE54-9A1E7A4F7556}") = "Udemy.Rating.API", "Udemy.Rating\Udemy.Rating.API\Udemy.Rating.API.csproj", "{71933018-75B3-4167-A64C-9AB20F9B610F}"
EndProject
Project("{9A19103F-16F7-4668-BE54-9A1E7A4F7556}") = "Udemy.Search.API", "Udemy.Search\Udemy.Search.API\Udemy.Search.API.csproj", "{BFD445EB-6396-481F-9A36-823038303039}"
EndProject
Project("{9A19103F-16F7-4668-BE54-9A1E7A4F7556}") = "Udemy.User.Domain", "Udemy.User\Udemy.User.Domain\Udemy.User.Domain.csproj", "{5A1BB337-9F27-4C93-B287-50E8D6AA24A3}"
EndProject
Project("{9A19103F-16F7-4668-BE54-9A1E7A4F7556}") = "Udemy.User.Infrastructure", "Udemy.User\Udemy.User.Infrastructure\Udemy.User.Infrastructure.csproj", "{C764B039-CFBB-4092-867D-6CF27DE91157}"
EndProject
Project("{9A19103F-16F7-4668-BE54-9A1E7A4F7556}") = "Udemy.User.Application", "Udemy.User\Udemy.User.Application\Udemy.User.Application.csproj", "{5A4ACBC3-9553-455A-AD76-C54EDAE4E3C7}"
EndProject
Project("{2150E333-8FDC-42A3-9474-1A3956D46DE8}") = "Udemy.Common", "Udemy.Common", "{29BBE3A0-A765-40F2-98B5-7811E3C54E47}"
EndProject
Project("{9A19103F-16F7-4668-BE54-9A1E7A4F7556}") = "Udemy.Common.Integrations", "Udemy.Common\Udemy.Common.Integrations\Udemy.Common.Integrations.csproj", "{59837445-7792-475C-8EB3-FBACB92F9C29}"
EndProject
Project("{9A19103F-16F7-4668-BE54-9A1E7A4F7556}") = "Udemy.Support.Infrastructure", "Udemy.Support\Udemy.Support.Infrastructure\Udemy.Support.Infrastructure.csproj", "{C6AD43FD-3706-46F2-8502-193353387D09}"
EndProject
Project("{9A19103F-16F7-4668-BE54-9A1E7A4F7556}") = "Udemy.Support.Application", "Udemy.Support\Udemy.Support.Application\Udemy.Support.Application.csproj", "{5F8B995C-7EEC-4A4A-8D55-44BF4E0361DB}"
EndProject
Project("{9A19103F-16F7-4668-BE54-9A1E7A4F7556}") = "Udemy.Support.Domain", "Udemy.Support\Udemy.Support.Domain\Udemy.Support.Domain.csproj", "{B0995304-A3F4-45D7-8E02-6A6780D3D13C}"
EndProject
Project("{9A19103F-16F7-4668-BE54-9A1E7A4F7556}") = "Udemy.Streaming.Infrastructure", "Udemy.Streaming\Udemy.Streaming.Infrastructure\Udemy.Streaming.Infrastructure.csproj", "{5AFAE0C2-A950-4F92-AE68-2960D1E4A714}"
EndProject
Project("{9A19103F-16F7-4668-BE54-9A1E7A4F7556}") = "Udemy.Streaming.Application", "Udemy.Streaming\Udemy.Streaming.Application\Udemy.Streaming.Application.csproj", "{E5DBCE68-2EB9-4BDC-B2C0-082F9FC0E3B2}"
EndProject
Project("{9A19103F-16F7-4668-BE54-9A1E7A4F7556}") = "Udemy.Streaming.Domain", "Udemy.Streaming\Udemy.Streaming.Domain\Udemy.Streaming.Domain.csproj", "{C0A803A8-D0F8-4847-A568-4A180276342C}"
EndProject
Project("{9A19103F-16F7-4668-BE54-9A1E7A4F7556}") = "Udemy.Search.Domain", "Udemy.Search\Udemy.Search.Domain\Udemy.Search.Domain.csproj", "{759CA9B1-9EA0-4D98-B190-9CC4C95F0267}"
EndProject
Project("{9A19103F-16F7-4668-BE54-9A1E7A4F7556}") = "Udemy.Search.Application", "Udemy.Search\Udemy.Search.Application\Udemy.Search.Application.csproj", "{AA7334BB-C83D-4277-A5DA-2D0C3EC55D00}"
EndProject
Project("{9A19103F-16F7-4668-BE54-9A1E7A4F7556}") = "Udemy.Search.Infrastructure", "Udemy.Search\Udemy.Search.Infrastructure\Udemy.Search.Infrastructure.csproj", "{B0C713F6-1FD7-4A79-AAF8-80464262F78E}"
EndProject
Project("{9A19103F-16F7-4668-BE54-9A1E7A4F7556}") = "Udemy.Rating.Application", "Udemy.Rating\Udemy.Rating.Application\Udemy.Rating.Application.csproj", "{415F9698-158C-46DB-911C-E5904E4F5228}"
EndProject
Project("{9A19103F-16F7-4668-BE54-9A1E7A4F7556}") = "Udemy.Rating.Domain", "Udemy.Rating\Udemy.Rating.Domain\Udemy.Rating.Domain.csproj", "{FF6D1B4A-9BA8-492A-B0A3-379DD650869E}"
EndProject
Project("{9A19103F-16F7-4668-BE54-9A1E7A4F7556}") = "Udemy.Rating.Infrastructure", "Udemy.Rating\Udemy.Rating.Infrastructure\Udemy.Rating.Infrastructure.csproj", "{7FF0869E-58D9-4AB1-8ED6-CB637DFCCF95}"
EndProject
Project("{9A19103F-16F7-4668-BE54-9A1E7A4F7556}") = "Udemy.Payment.Domain", "Udemy.Payment\Udemy.Payment.Domain\Udemy.Payment.Domain.csproj", "{F8BDE6D9-37BB-4580-B33D-51A939E023CF}"
EndProject
Project("{9A19103F-16F7-4668-BE54-9A1E7A4F7556}") = "Udemy.Payment.Application", "Udemy.Payment\Udemy.Payment.Application\Udemy.Payment.Application.csproj", "{7F2E42F6-FDE5-4FF2-9DAD-D1883A7640D3}"
EndProject
Project("{9A19103F-16F7-4668-BE54-9A1E7A4F7556}") = "Udemy.Payment.Infrastructure", "Udemy.Payment\Udemy.Payment.Infrastructure\Udemy.Payment.Infrastructure.csproj", "{B7019E9E-CB69-486B-81CD-A88C9074AC94}"
EndProject
Project("{9A19103F-16F7-4668-BE54-9A1E7A4F7556}") = "Udemy.Notification.Domain", "Udemy.Notification\Udemy.Notification.Domain\Udemy.Notification.Domain.csproj", "{E0D1F905-A041-479F-BB51-2F9557540CB2}"
EndProject
Project("{9A19103F-16F7-4668-BE54-9A1E7A4F7556}") = "Udemy.Notification.Application", "Udemy.Notification\Udemy.Notification.Application\Udemy.Notification.Application.csproj", "{76679D2F-DB2A-4142-A485-27EFBC5FE603}"
EndProject
Project("{9A19103F-16F7-4668-BE54-9A1E7A4F7556}") = "Udemy.Notification.Infrastructure", "Udemy.Notification\Udemy.Notification.Infrastructure\Udemy.Notification.Infrastructure.csproj", "{DFEF8E62-1CC8-4739-B7FF-BA5B224467BF}"
EndProject
Project("{9A19103F-16F7-4668-BE54-9A1E7A4F7556}") = "Udemy.Lesson.Application", "Udemy.Lesson\Udemy.Lesson.Application\Udemy.Lesson.Application.csproj", "{F2F46838-A03D-4071-8718-331290634F76}"
EndProject
Project("{9A19103F-16F7-4668-BE54-9A1E7A4F7556}") = "Udemy.Lesson.Infrastructure", "Udemy.Lesson\Udemy.Lesson.Infrastructure\Udemy.Lesson.Infrastructure.csproj", "{32AE4EFE-5F84-42E2-B70F-81DF009BF28D}"
EndProject
Project("{9A19103F-16F7-4668-BE54-9A1E7A4F7556}") = "Udemy.Lesson.Domain", "Udemy.Lesson\Udemy.Lesson.Domain\Udemy.Lesson.Domain.csproj", "{3F504EBE-9BA6-472C-9084-93DEF40A435D}"
EndProject
Project("{9A19103F-16F7-4668-BE54-9A1E7A4F7556}") = "Udemy.Language.Domain", "Udemy.Language\Udemy.Language.Domain\Udemy.Language.Domain.csproj", "{FBF55CDD-16AB-4AFB-AD08-36DF5BEDE33B}"
EndProject
Project("{9A19103F-16F7-4668-BE54-9A1E7A4F7556}") = "Udemy.Language.Application", "Udemy.Language\Udemy.Language.Application\Udemy.Language.Application.csproj", "{4FBE1B7E-6E68-473A-BAC8-48221774A2C6}"
EndProject
Project("{9A19103F-16F7-4668-BE54-9A1E7A4F7556}") = "Udemy.Language.Infrastructure", "Udemy.Language\Udemy.Language.Infrastructure\Udemy.Language.Infrastructure.csproj", "{D9A90C9A-5725-4EFD-879F-BD3D91A995FF}"
EndProject
Project("{9A19103F-16F7-4668-BE54-9A1E7A4F7556}") = "Udemy.Course.Application", "Udemy.Course\Udemy.Course.Application\Udemy.Course.Application.csproj", "{E009841E-AA60-4803-9F98-AE736CFC1E14}"
EndProject
Project("{9A19103F-16F7-4668-BE54-9A1E7A4F7556}") = "Udemy.Course.Domain", "Udemy.Course\Udemy.Course.Domain\Udemy.Course.Domain.csproj", "{C6C95F8C-D4FF-4FD3-949C-0427E87582AF}"
EndProject
Project("{9A19103F-16F7-4668-BE54-9A1E7A4F7556}") = "Udemy.Course.Infrastructure", "Udemy.Course\Udemy.Course.Infrastructure\Udemy.Course.Infrastructure.csproj", "{8E58039A-2315-4C08-99E0-459AA3F7B3A4}"
EndProject
Project("{9A19103F-16F7-4668-BE54-9A1E7A4F7556}") = "Udemy.Certificate.Application", "Udemy.Certificate\Udemy.Certificate.Application\Udemy.Certificate.Application.csproj", "{CA89B10A-4B94-426F-BAFF-15759354BF9F}"
EndProject
Project("{9A19103F-16F7-4668-BE54-9A1E7A4F7556}") = "Udemy.Certificate.Domain", "Udemy.Certificate\Udemy.Certificate.Domain\Udemy.Certificate.Domain.csproj", "{9C1A4804-F21C-4C42-9965-7E9D7FAFDB3E}"
EndProject
Project("{9A19103F-16F7-4668-BE54-9A1E7A4F7556}") = "Udemy.Certificate.Infrastructure", "Udemy.Certificate\Udemy.Certificate.Infrastructure\Udemy.Certificate.Infrastructure.csproj", "{E1421539-04FE-43C9-BBE2-FF8C6223904B}"
EndProject
Project("{9A19103F-16F7-4668-BE54-9A1E7A4F7556}") = "Udemy.Admin.Application", "Udemy.Admin\Udemy.Admin.Application\Udemy.Admin.Application.csproj", "{2C5A7C36-C871-4129-A0BC-90BC8C80F5BE}"
EndProject
Project("{9A19103F-16F7-4668-BE54-9A1E7A4F7556}") = "Udemy.Admin.Infrastructure", "Udemy.Admin\Udemy.Admin.Infrastructure\Udemy.Admin.Infrastructure.csproj", "{C1C04CDE-7FFB-4E4C-8FAD-D156CFB4E952}"
EndProject
Project("{9A19103F-16F7-4668-BE54-9A1E7A4F7556}") = "Udemy.Admin.Domain", "Udemy.Admin\Udemy.Admin.Domain\Udemy.Admin.Domain.csproj", "{DDDF87FB-331A-45C9-BCDD-B5493751B7BA}"
EndProject
Project("{FAE04EC0-301F-11D3-BF4B-00C04F79EFBC}") = "Udemy.Common.Security", "Udemy.Common\Udemy.Common.Security\Udemy.Common.Security.csproj", "{5A280C9A-A8A3-44A3-8905-3A468C97B023}"
EndProject
Global
	GlobalSection(SolutionConfigurationPlatforms) = preSolution
		Debug|Any CPU = Debug|Any CPU
		Release|Any CPU = Release|Any CPU
	EndGlobalSection
	GlobalSection(ProjectConfigurationPlatforms) = postSolution
		{2876598C-67AB-46A2-ACD0-08A14E28D5C1}.Debug|Any CPU.ActiveCfg = Debug|Any CPU
		{2876598C-67AB-46A2-ACD0-08A14E28D5C1}.Debug|Any CPU.Build.0 = Debug|Any CPU
		{2876598C-67AB-46A2-ACD0-08A14E28D5C1}.Release|Any CPU.ActiveCfg = Release|Any CPU
		{2876598C-67AB-46A2-ACD0-08A14E28D5C1}.Release|Any CPU.Build.0 = Release|Any CPU
		{DB1A7089-73EB-4C35-812E-296C87E0A851}.Debug|Any CPU.ActiveCfg = Debug|Any CPU
		{DB1A7089-73EB-4C35-812E-296C87E0A851}.Debug|Any CPU.Build.0 = Debug|Any CPU
		{DB1A7089-73EB-4C35-812E-296C87E0A851}.Release|Any CPU.ActiveCfg = Release|Any CPU
		{DB1A7089-73EB-4C35-812E-296C87E0A851}.Release|Any CPU.Build.0 = Release|Any CPU
		{7545E695-109D-4201-95FB-064F023AC1F9}.Debug|Any CPU.ActiveCfg = Debug|Any CPU
		{7545E695-109D-4201-95FB-064F023AC1F9}.Debug|Any CPU.Build.0 = Debug|Any CPU
		{7545E695-109D-4201-95FB-064F023AC1F9}.Release|Any CPU.ActiveCfg = Release|Any CPU
		{7545E695-109D-4201-95FB-064F023AC1F9}.Release|Any CPU.Build.0 = Release|Any CPU
		{86354F81-E54A-449E-8412-C3E4C8C741BB}.Debug|Any CPU.ActiveCfg = Debug|Any CPU
		{86354F81-E54A-449E-8412-C3E4C8C741BB}.Debug|Any CPU.Build.0 = Debug|Any CPU
		{86354F81-E54A-449E-8412-C3E4C8C741BB}.Release|Any CPU.ActiveCfg = Release|Any CPU
		{86354F81-E54A-449E-8412-C3E4C8C741BB}.Release|Any CPU.Build.0 = Release|Any CPU
		{0AA1C997-FE42-4B55-A6D1-8CAEC8C2A47F}.Debug|Any CPU.ActiveCfg = Debug|Any CPU
		{0AA1C997-FE42-4B55-A6D1-8CAEC8C2A47F}.Debug|Any CPU.Build.0 = Debug|Any CPU
		{0AA1C997-FE42-4B55-A6D1-8CAEC8C2A47F}.Release|Any CPU.ActiveCfg = Release|Any CPU
		{0AA1C997-FE42-4B55-A6D1-8CAEC8C2A47F}.Release|Any CPU.Build.0 = Release|Any CPU
		{E38D0938-CCAB-4146-971C-F0F06EBA881D}.Debug|Any CPU.ActiveCfg = Debug|Any CPU
		{E38D0938-CCAB-4146-971C-F0F06EBA881D}.Debug|Any CPU.Build.0 = Debug|Any CPU
		{E38D0938-CCAB-4146-971C-F0F06EBA881D}.Release|Any CPU.ActiveCfg = Release|Any CPU
		{E38D0938-CCAB-4146-971C-F0F06EBA881D}.Release|Any CPU.Build.0 = Release|Any CPU
		{12BB7065-83C2-4D99-A224-85AF70346822}.Debug|Any CPU.ActiveCfg = Debug|Any CPU
		{12BB7065-83C2-4D99-A224-85AF70346822}.Debug|Any CPU.Build.0 = Debug|Any CPU
		{12BB7065-83C2-4D99-A224-85AF70346822}.Release|Any CPU.ActiveCfg = Release|Any CPU
		{12BB7065-83C2-4D99-A224-85AF70346822}.Release|Any CPU.Build.0 = Release|Any CPU
		{F4CCE2C7-51AA-48F2-AABE-A112CA1F5D13}.Debug|Any CPU.ActiveCfg = Debug|Any CPU
		{F4CCE2C7-51AA-48F2-AABE-A112CA1F5D13}.Debug|Any CPU.Build.0 = Debug|Any CPU
		{F4CCE2C7-51AA-48F2-AABE-A112CA1F5D13}.Release|Any CPU.ActiveCfg = Release|Any CPU
		{F4CCE2C7-51AA-48F2-AABE-A112CA1F5D13}.Release|Any CPU.Build.0 = Release|Any CPU
		{1FAA0F8D-9778-49E0-B05B-BA6A61F76A25}.Debug|Any CPU.ActiveCfg = Debug|Any CPU
		{1FAA0F8D-9778-49E0-B05B-BA6A61F76A25}.Debug|Any CPU.Build.0 = Debug|Any CPU
		{1FAA0F8D-9778-49E0-B05B-BA6A61F76A25}.Release|Any CPU.ActiveCfg = Release|Any CPU
		{1FAA0F8D-9778-49E0-B05B-BA6A61F76A25}.Release|Any CPU.Build.0 = Release|Any CPU
		{6A614D06-C816-49E6-AE4E-93B4F84EC85C}.Debug|Any CPU.ActiveCfg = Debug|Any CPU
		{6A614D06-C816-49E6-AE4E-93B4F84EC85C}.Debug|Any CPU.Build.0 = Debug|Any CPU
		{6A614D06-C816-49E6-AE4E-93B4F84EC85C}.Release|Any CPU.ActiveCfg = Release|Any CPU
		{6A614D06-C816-49E6-AE4E-93B4F84EC85C}.Release|Any CPU.Build.0 = Release|Any CPU
		{7C5DB075-B9E7-4EEC-9095-1A9D94E03CFC}.Debug|Any CPU.ActiveCfg = Debug|Any CPU
		{7C5DB075-B9E7-4EEC-9095-1A9D94E03CFC}.Debug|Any CPU.Build.0 = Debug|Any CPU
		{7C5DB075-B9E7-4EEC-9095-1A9D94E03CFC}.Release|Any CPU.ActiveCfg = Release|Any CPU
		{7C5DB075-B9E7-4EEC-9095-1A9D94E03CFC}.Release|Any CPU.Build.0 = Release|Any CPU
		{100CB83A-D71B-4D41-BF8F-B3297469FA23}.Debug|Any CPU.ActiveCfg = Debug|Any CPU
		{100CB83A-D71B-4D41-BF8F-B3297469FA23}.Debug|Any CPU.Build.0 = Debug|Any CPU
		{100CB83A-D71B-4D41-BF8F-B3297469FA23}.Release|Any CPU.ActiveCfg = Release|Any CPU
		{100CB83A-D71B-4D41-BF8F-B3297469FA23}.Release|Any CPU.Build.0 = Release|Any CPU
		{B140F9BB-4384-477D-9845-47C062B7E06F}.Debug|Any CPU.ActiveCfg = Debug|Any CPU
		{B140F9BB-4384-477D-9845-47C062B7E06F}.Debug|Any CPU.Build.0 = Debug|Any CPU
		{B140F9BB-4384-477D-9845-47C062B7E06F}.Release|Any CPU.ActiveCfg = Release|Any CPU
		{B140F9BB-4384-477D-9845-47C062B7E06F}.Release|Any CPU.Build.0 = Release|Any CPU
		{71933018-75B3-4167-A64C-9AB20F9B610F}.Debug|Any CPU.ActiveCfg = Debug|Any CPU
		{71933018-75B3-4167-A64C-9AB20F9B610F}.Debug|Any CPU.Build.0 = Debug|Any CPU
		{71933018-75B3-4167-A64C-9AB20F9B610F}.Release|Any CPU.ActiveCfg = Release|Any CPU
		{71933018-75B3-4167-A64C-9AB20F9B610F}.Release|Any CPU.Build.0 = Release|Any CPU
		{BFD445EB-6396-481F-9A36-823038303039}.Debug|Any CPU.ActiveCfg = Debug|Any CPU
		{BFD445EB-6396-481F-9A36-823038303039}.Debug|Any CPU.Build.0 = Debug|Any CPU
		{BFD445EB-6396-481F-9A36-823038303039}.Release|Any CPU.ActiveCfg = Release|Any CPU
		{BFD445EB-6396-481F-9A36-823038303039}.Release|Any CPU.Build.0 = Release|Any CPU
		{5A1BB337-9F27-4C93-B287-50E8D6AA24A3}.Debug|Any CPU.ActiveCfg = Debug|Any CPU
		{5A1BB337-9F27-4C93-B287-50E8D6AA24A3}.Debug|Any CPU.Build.0 = Debug|Any CPU
		{5A1BB337-9F27-4C93-B287-50E8D6AA24A3}.Release|Any CPU.ActiveCfg = Release|Any CPU
		{5A1BB337-9F27-4C93-B287-50E8D6AA24A3}.Release|Any CPU.Build.0 = Release|Any CPU
		{C764B039-CFBB-4092-867D-6CF27DE91157}.Debug|Any CPU.ActiveCfg = Debug|Any CPU
		{C764B039-CFBB-4092-867D-6CF27DE91157}.Debug|Any CPU.Build.0 = Debug|Any CPU
		{C764B039-CFBB-4092-867D-6CF27DE91157}.Release|Any CPU.ActiveCfg = Release|Any CPU
		{C764B039-CFBB-4092-867D-6CF27DE91157}.Release|Any CPU.Build.0 = Release|Any CPU
		{5A4ACBC3-9553-455A-AD76-C54EDAE4E3C7}.Debug|Any CPU.ActiveCfg = Debug|Any CPU
		{5A4ACBC3-9553-455A-AD76-C54EDAE4E3C7}.Debug|Any CPU.Build.0 = Debug|Any CPU
		{5A4ACBC3-9553-455A-AD76-C54EDAE4E3C7}.Release|Any CPU.ActiveCfg = Release|Any CPU
		{5A4ACBC3-9553-455A-AD76-C54EDAE4E3C7}.Release|Any CPU.Build.0 = Release|Any CPU
		{59837445-7792-475C-8EB3-FBACB92F9C29}.Debug|Any CPU.ActiveCfg = Debug|Any CPU
		{59837445-7792-475C-8EB3-FBACB92F9C29}.Debug|Any CPU.Build.0 = Debug|Any CPU
		{59837445-7792-475C-8EB3-FBACB92F9C29}.Release|Any CPU.ActiveCfg = Release|Any CPU
		{59837445-7792-475C-8EB3-FBACB92F9C29}.Release|Any CPU.Build.0 = Release|Any CPU
		{C6AD43FD-3706-46F2-8502-193353387D09}.Debug|Any CPU.ActiveCfg = Debug|Any CPU
		{C6AD43FD-3706-46F2-8502-193353387D09}.Debug|Any CPU.Build.0 = Debug|Any CPU
		{C6AD43FD-3706-46F2-8502-193353387D09}.Release|Any CPU.ActiveCfg = Release|Any CPU
		{C6AD43FD-3706-46F2-8502-193353387D09}.Release|Any CPU.Build.0 = Release|Any CPU
		{5F8B995C-7EEC-4A4A-8D55-44BF4E0361DB}.Debug|Any CPU.ActiveCfg = Debug|Any CPU
		{5F8B995C-7EEC-4A4A-8D55-44BF4E0361DB}.Debug|Any CPU.Build.0 = Debug|Any CPU
		{5F8B995C-7EEC-4A4A-8D55-44BF4E0361DB}.Release|Any CPU.ActiveCfg = Release|Any CPU
		{5F8B995C-7EEC-4A4A-8D55-44BF4E0361DB}.Release|Any CPU.Build.0 = Release|Any CPU
		{B0995304-A3F4-45D7-8E02-6A6780D3D13C}.Debug|Any CPU.ActiveCfg = Debug|Any CPU
		{B0995304-A3F4-45D7-8E02-6A6780D3D13C}.Debug|Any CPU.Build.0 = Debug|Any CPU
		{B0995304-A3F4-45D7-8E02-6A6780D3D13C}.Release|Any CPU.ActiveCfg = Release|Any CPU
		{B0995304-A3F4-45D7-8E02-6A6780D3D13C}.Release|Any CPU.Build.0 = Release|Any CPU
		{5AFAE0C2-A950-4F92-AE68-2960D1E4A714}.Debug|Any CPU.ActiveCfg = Debug|Any CPU
		{5AFAE0C2-A950-4F92-AE68-2960D1E4A714}.Debug|Any CPU.Build.0 = Debug|Any CPU
		{5AFAE0C2-A950-4F92-AE68-2960D1E4A714}.Release|Any CPU.ActiveCfg = Release|Any CPU
		{5AFAE0C2-A950-4F92-AE68-2960D1E4A714}.Release|Any CPU.Build.0 = Release|Any CPU
		{E5DBCE68-2EB9-4BDC-B2C0-082F9FC0E3B2}.Debug|Any CPU.ActiveCfg = Debug|Any CPU
		{E5DBCE68-2EB9-4BDC-B2C0-082F9FC0E3B2}.Debug|Any CPU.Build.0 = Debug|Any CPU
		{E5DBCE68-2EB9-4BDC-B2C0-082F9FC0E3B2}.Release|Any CPU.ActiveCfg = Release|Any CPU
		{E5DBCE68-2EB9-4BDC-B2C0-082F9FC0E3B2}.Release|Any CPU.Build.0 = Release|Any CPU
		{C0A803A8-D0F8-4847-A568-4A180276342C}.Debug|Any CPU.ActiveCfg = Debug|Any CPU
		{C0A803A8-D0F8-4847-A568-4A180276342C}.Debug|Any CPU.Build.0 = Debug|Any CPU
		{C0A803A8-D0F8-4847-A568-4A180276342C}.Release|Any CPU.ActiveCfg = Release|Any CPU
		{C0A803A8-D0F8-4847-A568-4A180276342C}.Release|Any CPU.Build.0 = Release|Any CPU
		{759CA9B1-9EA0-4D98-B190-9CC4C95F0267}.Debug|Any CPU.ActiveCfg = Debug|Any CPU
		{759CA9B1-9EA0-4D98-B190-9CC4C95F0267}.Debug|Any CPU.Build.0 = Debug|Any CPU
		{759CA9B1-9EA0-4D98-B190-9CC4C95F0267}.Release|Any CPU.ActiveCfg = Release|Any CPU
		{759CA9B1-9EA0-4D98-B190-9CC4C95F0267}.Release|Any CPU.Build.0 = Release|Any CPU
		{AA7334BB-C83D-4277-A5DA-2D0C3EC55D00}.Debug|Any CPU.ActiveCfg = Debug|Any CPU
		{AA7334BB-C83D-4277-A5DA-2D0C3EC55D00}.Debug|Any CPU.Build.0 = Debug|Any CPU
		{AA7334BB-C83D-4277-A5DA-2D0C3EC55D00}.Release|Any CPU.ActiveCfg = Release|Any CPU
		{AA7334BB-C83D-4277-A5DA-2D0C3EC55D00}.Release|Any CPU.Build.0 = Release|Any CPU
		{B0C713F6-1FD7-4A79-AAF8-80464262F78E}.Debug|Any CPU.ActiveCfg = Debug|Any CPU
		{B0C713F6-1FD7-4A79-AAF8-80464262F78E}.Debug|Any CPU.Build.0 = Debug|Any CPU
		{B0C713F6-1FD7-4A79-AAF8-80464262F78E}.Release|Any CPU.ActiveCfg = Release|Any CPU
		{B0C713F6-1FD7-4A79-AAF8-80464262F78E}.Release|Any CPU.Build.0 = Release|Any CPU
		{415F9698-158C-46DB-911C-E5904E4F5228}.Debug|Any CPU.ActiveCfg = Debug|Any CPU
		{415F9698-158C-46DB-911C-E5904E4F5228}.Debug|Any CPU.Build.0 = Debug|Any CPU
		{415F9698-158C-46DB-911C-E5904E4F5228}.Release|Any CPU.ActiveCfg = Release|Any CPU
		{415F9698-158C-46DB-911C-E5904E4F5228}.Release|Any CPU.Build.0 = Release|Any CPU
		{FF6D1B4A-9BA8-492A-B0A3-379DD650869E}.Debug|Any CPU.ActiveCfg = Debug|Any CPU
		{FF6D1B4A-9BA8-492A-B0A3-379DD650869E}.Debug|Any CPU.Build.0 = Debug|Any CPU
		{FF6D1B4A-9BA8-492A-B0A3-379DD650869E}.Release|Any CPU.ActiveCfg = Release|Any CPU
		{FF6D1B4A-9BA8-492A-B0A3-379DD650869E}.Release|Any CPU.Build.0 = Release|Any CPU
		{7FF0869E-58D9-4AB1-8ED6-CB637DFCCF95}.Debug|Any CPU.ActiveCfg = Debug|Any CPU
		{7FF0869E-58D9-4AB1-8ED6-CB637DFCCF95}.Debug|Any CPU.Build.0 = Debug|Any CPU
		{7FF0869E-58D9-4AB1-8ED6-CB637DFCCF95}.Release|Any CPU.ActiveCfg = Release|Any CPU
		{7FF0869E-58D9-4AB1-8ED6-CB637DFCCF95}.Release|Any CPU.Build.0 = Release|Any CPU
		{F8BDE6D9-37BB-4580-B33D-51A939E023CF}.Debug|Any CPU.ActiveCfg = Debug|Any CPU
		{F8BDE6D9-37BB-4580-B33D-51A939E023CF}.Debug|Any CPU.Build.0 = Debug|Any CPU
		{F8BDE6D9-37BB-4580-B33D-51A939E023CF}.Release|Any CPU.ActiveCfg = Release|Any CPU
		{F8BDE6D9-37BB-4580-B33D-51A939E023CF}.Release|Any CPU.Build.0 = Release|Any CPU
		{7F2E42F6-FDE5-4FF2-9DAD-D1883A7640D3}.Debug|Any CPU.ActiveCfg = Debug|Any CPU
		{7F2E42F6-FDE5-4FF2-9DAD-D1883A7640D3}.Debug|Any CPU.Build.0 = Debug|Any CPU
		{7F2E42F6-FDE5-4FF2-9DAD-D1883A7640D3}.Release|Any CPU.ActiveCfg = Release|Any CPU
		{7F2E42F6-FDE5-4FF2-9DAD-D1883A7640D3}.Release|Any CPU.Build.0 = Release|Any CPU
		{B7019E9E-CB69-486B-81CD-A88C9074AC94}.Debug|Any CPU.ActiveCfg = Debug|Any CPU
		{B7019E9E-CB69-486B-81CD-A88C9074AC94}.Debug|Any CPU.Build.0 = Debug|Any CPU
		{B7019E9E-CB69-486B-81CD-A88C9074AC94}.Release|Any CPU.ActiveCfg = Release|Any CPU
		{B7019E9E-CB69-486B-81CD-A88C9074AC94}.Release|Any CPU.Build.0 = Release|Any CPU
		{E0D1F905-A041-479F-BB51-2F9557540CB2}.Debug|Any CPU.ActiveCfg = Debug|Any CPU
		{E0D1F905-A041-479F-BB51-2F9557540CB2}.Debug|Any CPU.Build.0 = Debug|Any CPU
		{E0D1F905-A041-479F-BB51-2F9557540CB2}.Release|Any CPU.ActiveCfg = Release|Any CPU
		{E0D1F905-A041-479F-BB51-2F9557540CB2}.Release|Any CPU.Build.0 = Release|Any CPU
		{76679D2F-DB2A-4142-A485-27EFBC5FE603}.Debug|Any CPU.ActiveCfg = Debug|Any CPU
		{76679D2F-DB2A-4142-A485-27EFBC5FE603}.Debug|Any CPU.Build.0 = Debug|Any CPU
		{76679D2F-DB2A-4142-A485-27EFBC5FE603}.Release|Any CPU.ActiveCfg = Release|Any CPU
		{76679D2F-DB2A-4142-A485-27EFBC5FE603}.Release|Any CPU.Build.0 = Release|Any CPU
		{DFEF8E62-1CC8-4739-B7FF-BA5B224467BF}.Debug|Any CPU.ActiveCfg = Debug|Any CPU
		{DFEF8E62-1CC8-4739-B7FF-BA5B224467BF}.Debug|Any CPU.Build.0 = Debug|Any CPU
		{DFEF8E62-1CC8-4739-B7FF-BA5B224467BF}.Release|Any CPU.ActiveCfg = Release|Any CPU
		{DFEF8E62-1CC8-4739-B7FF-BA5B224467BF}.Release|Any CPU.Build.0 = Release|Any CPU
		{F2F46838-A03D-4071-8718-331290634F76}.Debug|Any CPU.ActiveCfg = Debug|Any CPU
		{F2F46838-A03D-4071-8718-331290634F76}.Debug|Any CPU.Build.0 = Debug|Any CPU
		{F2F46838-A03D-4071-8718-331290634F76}.Release|Any CPU.ActiveCfg = Release|Any CPU
		{F2F46838-A03D-4071-8718-331290634F76}.Release|Any CPU.Build.0 = Release|Any CPU
		{32AE4EFE-5F84-42E2-B70F-81DF009BF28D}.Debug|Any CPU.ActiveCfg = Debug|Any CPU
		{32AE4EFE-5F84-42E2-B70F-81DF009BF28D}.Debug|Any CPU.Build.0 = Debug|Any CPU
		{32AE4EFE-5F84-42E2-B70F-81DF009BF28D}.Release|Any CPU.ActiveCfg = Release|Any CPU
		{32AE4EFE-5F84-42E2-B70F-81DF009BF28D}.Release|Any CPU.Build.0 = Release|Any CPU
		{3F504EBE-9BA6-472C-9084-93DEF40A435D}.Debug|Any CPU.ActiveCfg = Debug|Any CPU
		{3F504EBE-9BA6-472C-9084-93DEF40A435D}.Debug|Any CPU.Build.0 = Debug|Any CPU
		{3F504EBE-9BA6-472C-9084-93DEF40A435D}.Release|Any CPU.ActiveCfg = Release|Any CPU
		{3F504EBE-9BA6-472C-9084-93DEF40A435D}.Release|Any CPU.Build.0 = Release|Any CPU
		{FBF55CDD-16AB-4AFB-AD08-36DF5BEDE33B}.Debug|Any CPU.ActiveCfg = Debug|Any CPU
		{FBF55CDD-16AB-4AFB-AD08-36DF5BEDE33B}.Debug|Any CPU.Build.0 = Debug|Any CPU
		{FBF55CDD-16AB-4AFB-AD08-36DF5BEDE33B}.Release|Any CPU.ActiveCfg = Release|Any CPU
		{FBF55CDD-16AB-4AFB-AD08-36DF5BEDE33B}.Release|Any CPU.Build.0 = Release|Any CPU
		{4FBE1B7E-6E68-473A-BAC8-48221774A2C6}.Debug|Any CPU.ActiveCfg = Debug|Any CPU
		{4FBE1B7E-6E68-473A-BAC8-48221774A2C6}.Debug|Any CPU.Build.0 = Debug|Any CPU
		{4FBE1B7E-6E68-473A-BAC8-48221774A2C6}.Release|Any CPU.ActiveCfg = Release|Any CPU
		{4FBE1B7E-6E68-473A-BAC8-48221774A2C6}.Release|Any CPU.Build.0 = Release|Any CPU
		{D9A90C9A-5725-4EFD-879F-BD3D91A995FF}.Debug|Any CPU.ActiveCfg = Debug|Any CPU
		{D9A90C9A-5725-4EFD-879F-BD3D91A995FF}.Debug|Any CPU.Build.0 = Debug|Any CPU
		{D9A90C9A-5725-4EFD-879F-BD3D91A995FF}.Release|Any CPU.ActiveCfg = Release|Any CPU
		{D9A90C9A-5725-4EFD-879F-BD3D91A995FF}.Release|Any CPU.Build.0 = Release|Any CPU
		{E009841E-AA60-4803-9F98-AE736CFC1E14}.Debug|Any CPU.ActiveCfg = Debug|Any CPU
		{E009841E-AA60-4803-9F98-AE736CFC1E14}.Debug|Any CPU.Build.0 = Debug|Any CPU
		{E009841E-AA60-4803-9F98-AE736CFC1E14}.Release|Any CPU.ActiveCfg = Release|Any CPU
		{E009841E-AA60-4803-9F98-AE736CFC1E14}.Release|Any CPU.Build.0 = Release|Any CPU
		{C6C95F8C-D4FF-4FD3-949C-0427E87582AF}.Debug|Any CPU.ActiveCfg = Debug|Any CPU
		{C6C95F8C-D4FF-4FD3-949C-0427E87582AF}.Debug|Any CPU.Build.0 = Debug|Any CPU
		{C6C95F8C-D4FF-4FD3-949C-0427E87582AF}.Release|Any CPU.ActiveCfg = Release|Any CPU
		{C6C95F8C-D4FF-4FD3-949C-0427E87582AF}.Release|Any CPU.Build.0 = Release|Any CPU
		{8E58039A-2315-4C08-99E0-459AA3F7B3A4}.Debug|Any CPU.ActiveCfg = Debug|Any CPU
		{8E58039A-2315-4C08-99E0-459AA3F7B3A4}.Debug|Any CPU.Build.0 = Debug|Any CPU
		{8E58039A-2315-4C08-99E0-459AA3F7B3A4}.Release|Any CPU.ActiveCfg = Release|Any CPU
		{8E58039A-2315-4C08-99E0-459AA3F7B3A4}.Release|Any CPU.Build.0 = Release|Any CPU
		{CA89B10A-4B94-426F-BAFF-15759354BF9F}.Debug|Any CPU.ActiveCfg = Debug|Any CPU
		{CA89B10A-4B94-426F-BAFF-15759354BF9F}.Debug|Any CPU.Build.0 = Debug|Any CPU
		{CA89B10A-4B94-426F-BAFF-15759354BF9F}.Release|Any CPU.ActiveCfg = Release|Any CPU
		{CA89B10A-4B94-426F-BAFF-15759354BF9F}.Release|Any CPU.Build.0 = Release|Any CPU
		{9C1A4804-F21C-4C42-9965-7E9D7FAFDB3E}.Debug|Any CPU.ActiveCfg = Debug|Any CPU
		{9C1A4804-F21C-4C42-9965-7E9D7FAFDB3E}.Debug|Any CPU.Build.0 = Debug|Any CPU
		{9C1A4804-F21C-4C42-9965-7E9D7FAFDB3E}.Release|Any CPU.ActiveCfg = Release|Any CPU
		{9C1A4804-F21C-4C42-9965-7E9D7FAFDB3E}.Release|Any CPU.Build.0 = Release|Any CPU
		{E1421539-04FE-43C9-BBE2-FF8C6223904B}.Debug|Any CPU.ActiveCfg = Debug|Any CPU
		{E1421539-04FE-43C9-BBE2-FF8C6223904B}.Debug|Any CPU.Build.0 = Debug|Any CPU
		{E1421539-04FE-43C9-BBE2-FF8C6223904B}.Release|Any CPU.ActiveCfg = Release|Any CPU
		{E1421539-04FE-43C9-BBE2-FF8C6223904B}.Release|Any CPU.Build.0 = Release|Any CPU
		{2C5A7C36-C871-4129-A0BC-90BC8C80F5BE}.Debug|Any CPU.ActiveCfg = Debug|Any CPU
		{2C5A7C36-C871-4129-A0BC-90BC8C80F5BE}.Debug|Any CPU.Build.0 = Debug|Any CPU
		{2C5A7C36-C871-4129-A0BC-90BC8C80F5BE}.Release|Any CPU.ActiveCfg = Release|Any CPU
		{2C5A7C36-C871-4129-A0BC-90BC8C80F5BE}.Release|Any CPU.Build.0 = Release|Any CPU
		{C1C04CDE-7FFB-4E4C-8FAD-D156CFB4E952}.Debug|Any CPU.ActiveCfg = Debug|Any CPU
		{C1C04CDE-7FFB-4E4C-8FAD-D156CFB4E952}.Debug|Any CPU.Build.0 = Debug|Any CPU
		{C1C04CDE-7FFB-4E4C-8FAD-D156CFB4E952}.Release|Any CPU.ActiveCfg = Release|Any CPU
		{C1C04CDE-7FFB-4E4C-8FAD-D156CFB4E952}.Release|Any CPU.Build.0 = Release|Any CPU
		{DDDF87FB-331A-45C9-BCDD-B5493751B7BA}.Debug|Any CPU.ActiveCfg = Debug|Any CPU
		{DDDF87FB-331A-45C9-BCDD-B5493751B7BA}.Debug|Any CPU.Build.0 = Debug|Any CPU
		{DDDF87FB-331A-45C9-BCDD-B5493751B7BA}.Release|Any CPU.ActiveCfg = Release|Any CPU
		{DDDF87FB-331A-45C9-BCDD-B5493751B7BA}.Release|Any CPU.Build.0 = Release|Any CPU
		{5A280C9A-A8A3-44A3-8905-3A468C97B023}.Debug|Any CPU.ActiveCfg = Debug|Any CPU
		{5A280C9A-A8A3-44A3-8905-3A468C97B023}.Debug|Any CPU.Build.0 = Debug|Any CPU
		{5A280C9A-A8A3-44A3-8905-3A468C97B023}.Release|Any CPU.ActiveCfg = Release|Any CPU
		{5A280C9A-A8A3-44A3-8905-3A468C97B023}.Release|Any CPU.Build.0 = Release|Any CPU
	EndGlobalSection
	GlobalSection(SolutionProperties) = preSolution
		HideSolutionNode = FALSE
	EndGlobalSection
	GlobalSection(NestedProjects) = preSolution
		{86354F81-E54A-449E-8412-C3E4C8C741BB} = {F3DC24B1-4DF4-4397-9485-08DC97F5CFFC}
		{0AA1C997-FE42-4B55-A6D1-8CAEC8C2A47F} = {85C41AB9-E60B-4F93-A796-CAC033AC54B1}
		{E38D0938-CCAB-4146-971C-F0F06EBA881D} = {117DCA14-3E38-4150-99DB-1F1D0753F63A}
		{12BB7065-83C2-4D99-A224-85AF70346822} = {97204507-869E-4D28-BD2A-D43DD2C28844}
		{F4CCE2C7-51AA-48F2-AABE-A112CA1F5D13} = {028F90BB-AC50-47E9-ACA0-E2EB44332103}
		{1FAA0F8D-9778-49E0-B05B-BA6A61F76A25} = {A5B80E93-EA85-4FBF-8BF7-35A4CEE158BB}
		{6A614D06-C816-49E6-AE4E-93B4F84EC85C} = {380C7C5A-F126-4461-8CBE-2F94F448D02F}
		{7C5DB075-B9E7-4EEC-9095-1A9D94E03CFC} = {058FE1DE-700A-4636-9FA8-D49514A6F1B0}
		{100CB83A-D71B-4D41-BF8F-B3297469FA23} = {53B6CC7D-9E67-4BBD-BB0D-937A60FC52D8}
		{B140F9BB-4384-477D-9845-47C062B7E06F} = {379D703E-6CF1-4058-8ECB-6E9BB23E934E}
		{71933018-75B3-4167-A64C-9AB20F9B610F} = {F640C33F-FE0E-40AD-B84D-80047D4A8BEA}
		{BFD445EB-6396-481F-9A36-823038303039} = {14CCEDFB-5058-4B7E-AF7C-719183E6A6E9}
		{5A1BB337-9F27-4C93-B287-50E8D6AA24A3} = {F3DC24B1-4DF4-4397-9485-08DC97F5CFFC}
		{C764B039-CFBB-4092-867D-6CF27DE91157} = {F3DC24B1-4DF4-4397-9485-08DC97F5CFFC}
		{5A4ACBC3-9553-455A-AD76-C54EDAE4E3C7} = {F3DC24B1-4DF4-4397-9485-08DC97F5CFFC}
		{59837445-7792-475C-8EB3-FBACB92F9C29} = {29BBE3A0-A765-40F2-98B5-7811E3C54E47}
		{C6AD43FD-3706-46F2-8502-193353387D09} = {85C41AB9-E60B-4F93-A796-CAC033AC54B1}
		{5F8B995C-7EEC-4A4A-8D55-44BF4E0361DB} = {85C41AB9-E60B-4F93-A796-CAC033AC54B1}
		{B0995304-A3F4-45D7-8E02-6A6780D3D13C} = {85C41AB9-E60B-4F93-A796-CAC033AC54B1}
		{5AFAE0C2-A950-4F92-AE68-2960D1E4A714} = {117DCA14-3E38-4150-99DB-1F1D0753F63A}
		{E5DBCE68-2EB9-4BDC-B2C0-082F9FC0E3B2} = {117DCA14-3E38-4150-99DB-1F1D0753F63A}
		{C0A803A8-D0F8-4847-A568-4A180276342C} = {117DCA14-3E38-4150-99DB-1F1D0753F63A}
		{759CA9B1-9EA0-4D98-B190-9CC4C95F0267} = {14CCEDFB-5058-4B7E-AF7C-719183E6A6E9}
		{AA7334BB-C83D-4277-A5DA-2D0C3EC55D00} = {14CCEDFB-5058-4B7E-AF7C-719183E6A6E9}
		{B0C713F6-1FD7-4A79-AAF8-80464262F78E} = {14CCEDFB-5058-4B7E-AF7C-719183E6A6E9}
		{415F9698-158C-46DB-911C-E5904E4F5228} = {F640C33F-FE0E-40AD-B84D-80047D4A8BEA}
		{FF6D1B4A-9BA8-492A-B0A3-379DD650869E} = {F640C33F-FE0E-40AD-B84D-80047D4A8BEA}
		{7FF0869E-58D9-4AB1-8ED6-CB637DFCCF95} = {F640C33F-FE0E-40AD-B84D-80047D4A8BEA}
		{F8BDE6D9-37BB-4580-B33D-51A939E023CF} = {379D703E-6CF1-4058-8ECB-6E9BB23E934E}
		{7F2E42F6-FDE5-4FF2-9DAD-D1883A7640D3} = {379D703E-6CF1-4058-8ECB-6E9BB23E934E}
		{B7019E9E-CB69-486B-81CD-A88C9074AC94} = {379D703E-6CF1-4058-8ECB-6E9BB23E934E}
		{E0D1F905-A041-479F-BB51-2F9557540CB2} = {97204507-869E-4D28-BD2A-D43DD2C28844}
		{76679D2F-DB2A-4142-A485-27EFBC5FE603} = {97204507-869E-4D28-BD2A-D43DD2C28844}
		{DFEF8E62-1CC8-4739-B7FF-BA5B224467BF} = {97204507-869E-4D28-BD2A-D43DD2C28844}
		{F2F46838-A03D-4071-8718-331290634F76} = {028F90BB-AC50-47E9-ACA0-E2EB44332103}
		{32AE4EFE-5F84-42E2-B70F-81DF009BF28D} = {028F90BB-AC50-47E9-ACA0-E2EB44332103}
		{3F504EBE-9BA6-472C-9084-93DEF40A435D} = {028F90BB-AC50-47E9-ACA0-E2EB44332103}
		{FBF55CDD-16AB-4AFB-AD08-36DF5BEDE33B} = {A5B80E93-EA85-4FBF-8BF7-35A4CEE158BB}
		{4FBE1B7E-6E68-473A-BAC8-48221774A2C6} = {A5B80E93-EA85-4FBF-8BF7-35A4CEE158BB}
		{D9A90C9A-5725-4EFD-879F-BD3D91A995FF} = {A5B80E93-EA85-4FBF-8BF7-35A4CEE158BB}
		{E009841E-AA60-4803-9F98-AE736CFC1E14} = {380C7C5A-F126-4461-8CBE-2F94F448D02F}
		{C6C95F8C-D4FF-4FD3-949C-0427E87582AF} = {380C7C5A-F126-4461-8CBE-2F94F448D02F}
		{8E58039A-2315-4C08-99E0-459AA3F7B3A4} = {380C7C5A-F126-4461-8CBE-2F94F448D02F}
		{CA89B10A-4B94-426F-BAFF-15759354BF9F} = {058FE1DE-700A-4636-9FA8-D49514A6F1B0}
		{9C1A4804-F21C-4C42-9965-7E9D7FAFDB3E} = {058FE1DE-700A-4636-9FA8-D49514A6F1B0}
		{E1421539-04FE-43C9-BBE2-FF8C6223904B} = {058FE1DE-700A-4636-9FA8-D49514A6F1B0}
		{2C5A7C36-C871-4129-A0BC-90BC8C80F5BE} = {53B6CC7D-9E67-4BBD-BB0D-937A60FC52D8}
		{C1C04CDE-7FFB-4E4C-8FAD-D156CFB4E952} = {53B6CC7D-9E67-4BBD-BB0D-937A60FC52D8}
		{DDDF87FB-331A-45C9-BCDD-B5493751B7BA} = {53B6CC7D-9E67-4BBD-BB0D-937A60FC52D8}
		{5A280C9A-A8A3-44A3-8905-3A468C97B023} = {29BBE3A0-A765-40F2-98B5-7811E3C54E47}
	EndGlobalSection
	GlobalSection(ExtensibilityGlobals) = postSolution
		SolutionGuid = {1258B9F6-8174-48C0-A3B9-EAD247649970}
	EndGlobalSection
EndGlobal
