Microsoft Visual Studio Solution File, Format Version 12.00
# Visual Studio Version 17
VisualStudioVersion = 17.10.35122.118
MinimumVisualStudioVersion = 10.0.40219.1
Project("{9A19103F-16F7-4668-BE54-9A1E7A4F7556}") = "Udemy.AppHost", "Udemy.AppHost\Udemy.AppHost.csproj", "{2876598C-67AB-46A2-ACD0-08A14E28D5C1}"
EndProject
Project("{9A19103F-16F7-4668-BE54-9A1E7A4F7556}") = "Udemy.ServiceDefaults", "Udemy.ServiceDefaults\Udemy.ServiceDefaults.csproj", "{DB1A7089-73EB-4C35-812E-296C87E0A851}"
EndProject
Project("{9A19103F-16F7-4668-BE54-9A1E7A4F7556}") = "Udemy.Tests", "Udemy.Tests\Udemy.Tests.csproj", "{7545E695-109D-4201-95FB-064F023AC1F9}"
EndProject
Project("{2150E333-8FDC-42A3-9474-1A3956D46DE8}") = "Udemy.User", "Udemy.User", "{F3DC24B1-4DF4-4397-9485-08DC97F5CFFC}"
EndProject
Project("{2150E333-8FDC-42A3-9474-1A3956D46DE8}") = "Udemy.Course", "Udemy.Course", "{380C7C5A-F126-4461-8CBE-2F94F448D02F}"
EndProject
Project("{2150E333-8FDC-42A3-9474-1A3956D46DE8}") = "Udemy.Lesson", "Udemy.Lesson", "{028F90BB-AC50-47E9-ACA0-E2EB44332103}"
EndProject
Project("{2150E333-8FDC-42A3-9474-1A3956D46DE8}") = "Udemy.Certificate", "Udemy.Certificate", "{058FE1DE-700A-4636-9FA8-D49514A6F1B0}"
EndProject
Project("{2150E333-8FDC-42A3-9474-1A3956D46DE8}") = "Udemy.Admin", "Udemy.Admin", "{53B6CC7D-9E67-4BBD-BB0D-937A60FC52D8}"
EndProject
Project("{2150E333-8FDC-42A3-9474-1A3956D46DE8}") = "Udemy.Notification", "Udemy.Notification", "{97204507-869E-4D28-BD2A-D43DD2C28844}"
EndProject
Project("{2150E333-8FDC-42A3-9474-1A3956D46DE8}") = "Udemy.Support", "Udemy.Support", "{85C41AB9-E60B-4F93-A796-CAC033AC54B1}"
EndProject
Project("{2150E333-8FDC-42A3-9474-1A3956D46DE8}") = "Udemy.Language", "Udemy.Language", "{A5B80E93-EA85-4FBF-8BF7-35A4CEE158BB}"
EndProject
Project("{2150E333-8FDC-42A3-9474-1A3956D46DE8}") = "Udemy.Streaming", "Udemy.Streaming", "{117DCA14-3E38-4150-99DB-1F1D0753F63A}"
EndProject
Project("{9A19103F-16F7-4668-BE54-9A1E7A4F7556}") = "Udemy.User.API", "Udemy.User\Udemy.User.API\Udemy.User.API.csproj", "{86354F81-E54A-449E-8412-C3E4C8C741BB}"
EndProject
Project("{9A19103F-16F7-4668-BE54-9A1E7A4F7556}") = "Udemy.Support.API", "Udemy.Support\Udemy.Support.API\Udemy.Support.API.csproj", "{0AA1C997-FE42-4B55-A6D1-8CAEC8C2A47F}"
EndProject
Project("{9A19103F-16F7-4668-BE54-9A1E7A4F7556}") = "Udemy.Streaming.API", "Udemy.Streaming\Udemy.Streaming.API\Udemy.Streaming.API.csproj", "{E38D0938-CCAB-4146-971C-F0F06EBA881D}"
EndProject
Project("{9A19103F-16F7-4668-BE54-9A1E7A4F7556}") = "Udemy.Notification.API", "Udemy.Notification\Udemy.Notification.API\Udemy.Notification.API.csproj", "{12BB7065-83C2-4D99-A224-85AF70346822}"
EndProject
Project("{9A19103F-16F7-4668-BE54-9A1E7A4F7556}") = "Udemy.Lesson.API", "Udemy.Lesson\Udemy.Lesson.API\Udemy.Lesson.API.csproj", "{F4CCE2C7-51AA-48F2-AABE-A112CA1F5D13}"
EndProject
Project("{9A19103F-16F7-4668-BE54-9A1E7A4F7556}") = "Udemy.Language.API", "Udemy.Language\Udemy.Language.API\Udemy.Language.API.csproj", "{1FAA0F8D-9778-49E0-B05B-BA6A61F76A25}"
EndProject
Project("{9A19103F-16F7-4668-BE54-9A1E7A4F7556}") = "Udemy.Course.API", "Udemy.Course\Udemy.Course.API\Udemy.Course.API.csproj", "{6A614D06-C816-49E6-AE4E-93B4F84EC85C}"
EndProject
Project("{9A19103F-16F7-4668-BE54-9A1E7A4F7556}") = "Udemy.Certificate.API", "Udemy.Certificate\Udemy.Certificate.API\Udemy.Certificate.API.csproj", "{7C5DB075-B9E7-4EEC-9095-1A9D94E03CFC}"
EndProject
Project("{9A19103F-16F7-4668-BE54-9A1E7A4F7556}") = "Udemy.Admin.API", "Udemy.Admin\Udemy.Admin.API\Udemy.Admin.API.csproj", "{100CB83A-D71B-4D41-BF8F-B3297469FA23}"
EndProject
Project("{2150E333-8FDC-42A3-9474-1A3956D46DE8}") = "Udemy.Payment", "Udemy.Payment", "{379D703E-6CF1-4058-8ECB-6E9BB23E934E}"
EndProject
Project("{9A19103F-16F7-4668-BE54-9A1E7A4F7556}") = "Udemy.Payment.API", "Udemy.Payment\Udemy.Payment.API\Udemy.Payment.API.csproj", "{B140F9BB-4384-477D-9845-47C062B7E06F}"
EndProject
Global
	GlobalSection(SolutionConfigurationPlatforms) = preSolution
		Debug|Any CPU = Debug|Any CPU
		Release|Any CPU = Release|Any CPU
	EndGlobalSection
	GlobalSection(ProjectConfigurationPlatforms) = postSolution
		{2876598C-67AB-46A2-ACD0-08A14E28D5C1}.Debug|Any CPU.ActiveCfg = Debug|Any CPU
		{2876598C-67AB-46A2-ACD0-08A14E28D5C1}.Debug|Any CPU.Build.0 = Debug|Any CPU
		{2876598C-67AB-46A2-ACD0-08A14E28D5C1}.Release|Any CPU.ActiveCfg = Release|Any CPU
		{2876598C-67AB-46A2-ACD0-08A14E28D5C1}.Release|Any CPU.Build.0 = Release|Any CPU
		{DB1A7089-73EB-4C35-812E-296C87E0A851}.Debug|Any CPU.ActiveCfg = Debug|Any CPU
		{DB1A7089-73EB-4C35-812E-296C87E0A851}.Debug|Any CPU.Build.0 = Debug|Any CPU
		{DB1A7089-73EB-4C35-812E-296C87E0A851}.Release|Any CPU.ActiveCfg = Release|Any CPU
		{DB1A7089-73EB-4C35-812E-296C87E0A851}.Release|Any CPU.Build.0 = Release|Any CPU
		{7545E695-109D-4201-95FB-064F023AC1F9}.Debug|Any CPU.ActiveCfg = Debug|Any CPU
		{7545E695-109D-4201-95FB-064F023AC1F9}.Debug|Any CPU.Build.0 = Debug|Any CPU
		{7545E695-109D-4201-95FB-064F023AC1F9}.Release|Any CPU.ActiveCfg = Release|Any CPU
		{7545E695-109D-4201-95FB-064F023AC1F9}.Release|Any CPU.Build.0 = Release|Any CPU
		{86354F81-E54A-449E-8412-C3E4C8C741BB}.Debug|Any CPU.ActiveCfg = Debug|Any CPU
		{86354F81-E54A-449E-8412-C3E4C8C741BB}.Debug|Any CPU.Build.0 = Debug|Any CPU
		{86354F81-E54A-449E-8412-C3E4C8C741BB}.Release|Any CPU.ActiveCfg = Release|Any CPU
		{86354F81-E54A-449E-8412-C3E4C8C741BB}.Release|Any CPU.Build.0 = Release|Any CPU
		{0AA1C997-FE42-4B55-A6D1-8CAEC8C2A47F}.Debug|Any CPU.ActiveCfg = Debug|Any CPU
		{0AA1C997-FE42-4B55-A6D1-8CAEC8C2A47F}.Debug|Any CPU.Build.0 = Debug|Any CPU
		{0AA1C997-FE42-4B55-A6D1-8CAEC8C2A47F}.Release|Any CPU.ActiveCfg = Release|Any CPU
		{0AA1C997-FE42-4B55-A6D1-8CAEC8C2A47F}.Release|Any CPU.Build.0 = Release|Any CPU
		{E38D0938-CCAB-4146-971C-F0F06EBA881D}.Debug|Any CPU.ActiveCfg = Debug|Any CPU
		{E38D0938-CCAB-4146-971C-F0F06EBA881D}.Debug|Any CPU.Build.0 = Debug|Any CPU
		{E38D0938-CCAB-4146-971C-F0F06EBA881D}.Release|Any CPU.ActiveCfg = Release|Any CPU
		{E38D0938-CCAB-4146-971C-F0F06EBA881D}.Release|Any CPU.Build.0 = Release|Any CPU
		{12BB7065-83C2-4D99-A224-85AF70346822}.Debug|Any CPU.ActiveCfg = Debug|Any CPU
		{12BB7065-83C2-4D99-A224-85AF70346822}.Debug|Any CPU.Build.0 = Debug|Any CPU
		{12BB7065-83C2-4D99-A224-85AF70346822}.Release|Any CPU.ActiveCfg = Release|Any CPU
		{12BB7065-83C2-4D99-A224-85AF70346822}.Release|Any CPU.Build.0 = Release|Any CPU
		{F4CCE2C7-51AA-48F2-AABE-A112CA1F5D13}.Debug|Any CPU.ActiveCfg = Debug|Any CPU
		{F4CCE2C7-51AA-48F2-AABE-A112CA1F5D13}.Debug|Any CPU.Build.0 = Debug|Any CPU
		{F4CCE2C7-51AA-48F2-AABE-A112CA1F5D13}.Release|Any CPU.ActiveCfg = Release|Any CPU
		{F4CCE2C7-51AA-48F2-AABE-A112CA1F5D13}.Release|Any CPU.Build.0 = Release|Any CPU
		{1FAA0F8D-9778-49E0-B05B-BA6A61F76A25}.Debug|Any CPU.ActiveCfg = Debug|Any CPU
		{1FAA0F8D-9778-49E0-B05B-BA6A61F76A25}.Debug|Any CPU.Build.0 = Debug|Any CPU
		{1FAA0F8D-9778-49E0-B05B-BA6A61F76A25}.Release|Any CPU.ActiveCfg = Release|Any CPU
		{1FAA0F8D-9778-49E0-B05B-BA6A61F76A25}.Release|Any CPU.Build.0 = Release|Any CPU
		{6A614D06-C816-49E6-AE4E-93B4F84EC85C}.Debug|Any CPU.ActiveCfg = Debug|Any CPU
		{6A614D06-C816-49E6-AE4E-93B4F84EC85C}.Debug|Any CPU.Build.0 = Debug|Any CPU
		{6A614D06-C816-49E6-AE4E-93B4F84EC85C}.Release|Any CPU.ActiveCfg = Release|Any CPU
		{6A614D06-C816-49E6-AE4E-93B4F84EC85C}.Release|Any CPU.Build.0 = Release|Any CPU
		{7C5DB075-B9E7-4EEC-9095-1A9D94E03CFC}.Debug|Any CPU.ActiveCfg = Debug|Any CPU
		{7C5DB075-B9E7-4EEC-9095-1A9D94E03CFC}.Debug|Any CPU.Build.0 = Debug|Any CPU
		{7C5DB075-B9E7-4EEC-9095-1A9D94E03CFC}.Release|Any CPU.ActiveCfg = Release|Any CPU
		{7C5DB075-B9E7-4EEC-9095-1A9D94E03CFC}.Release|Any CPU.Build.0 = Release|Any CPU
		{100CB83A-D71B-4D41-BF8F-B3297469FA23}.Debug|Any CPU.ActiveCfg = Debug|Any CPU
		{100CB83A-D71B-4D41-BF8F-B3297469FA23}.Debug|Any CPU.Build.0 = Debug|Any CPU
		{100CB83A-D71B-4D41-BF8F-B3297469FA23}.Release|Any CPU.ActiveCfg = Release|Any CPU
		{100CB83A-D71B-4D41-BF8F-B3297469FA23}.Release|Any CPU.Build.0 = Release|Any CPU
		{B140F9BB-4384-477D-9845-47C062B7E06F}.Debug|Any CPU.ActiveCfg = Debug|Any CPU
		{B140F9BB-4384-477D-9845-47C062B7E06F}.Debug|Any CPU.Build.0 = Debug|Any CPU
		{B140F9BB-4384-477D-9845-47C062B7E06F}.Release|Any CPU.ActiveCfg = Release|Any CPU
		{B140F9BB-4384-477D-9845-47C062B7E06F}.Release|Any CPU.Build.0 = Release|Any CPU
	EndGlobalSection
	GlobalSection(SolutionProperties) = preSolution
		HideSolutionNode = FALSE
	EndGlobalSection
	GlobalSection(NestedProjects) = preSolution
		{86354F81-E54A-449E-8412-C3E4C8C741BB} = {F3DC24B1-4DF4-4397-9485-08DC97F5CFFC}
		{0AA1C997-FE42-4B55-A6D1-8CAEC8C2A47F} = {85C41AB9-E60B-4F93-A796-CAC033AC54B1}
		{E38D0938-CCAB-4146-971C-F0F06EBA881D} = {117DCA14-3E38-4150-99DB-1F1D0753F63A}
		{12BB7065-83C2-4D99-A224-85AF70346822} = {97204507-869E-4D28-BD2A-D43DD2C28844}
		{F4CCE2C7-51AA-48F2-AABE-A112CA1F5D13} = {028F90BB-AC50-47E9-ACA0-E2EB44332103}
		{1FAA0F8D-9778-49E0-B05B-BA6A61F76A25} = {A5B80E93-EA85-4FBF-8BF7-35A4CEE158BB}
		{6A614D06-C816-49E6-AE4E-93B4F84EC85C} = {380C7C5A-F126-4461-8CBE-2F94F448D02F}
		{7C5DB075-B9E7-4EEC-9095-1A9D94E03CFC} = {058FE1DE-700A-4636-9FA8-D49514A6F1B0}
		{100CB83A-D71B-4D41-BF8F-B3297469FA23} = {53B6CC7D-9E67-4BBD-BB0D-937A60FC52D8}
		{B140F9BB-4384-477D-9845-47C062B7E06F} = {379D703E-6CF1-4058-8ECB-6E9BB23E934E}
	EndGlobalSection
	GlobalSection(ExtensibilityGlobals) = postSolution
		SolutionGuid = {1258B9F6-8174-48C0-A3B9-EAD247649970}
	EndGlobalSection
EndGlobal
