Microsoft Visual Studio Solution File, Format Version 12.00
# Visual Studio Version 17
VisualStudioVersion = 17.10.35122.118
MinimumVisualStudioVersion = 10.0.40219.1
Project("{FAE04EC0-301F-11D3-BF4B-00C04F79EFBC}") = "Udemy.AppHost", "Udemy.AppHost\Udemy.AppHost.csproj", "{2876598C-67AB-46A2-ACD0-08A14E28D5C1}"
EndProject
Project("{9A19103F-16F7-4668-BE54-9A1E7A4F7556}") = "Udemy.ServiceDefaults", "Udemy.ServiceDefaults\Udemy.ServiceDefaults.csproj", "{DB1A7089-73EB-4C35-812E-296C87E0A851}"
EndProject
Project("{9A19103F-16F7-4668-BE54-9A1E7A4F7556}") = "Udemy.Tests", "Udemy.Tests\Udemy.Tests.csproj", "{7545E695-109D-4201-95FB-064F023AC1F9}"
EndProject
Global
	GlobalSection(SolutionConfigurationPlatforms) = preSolution
		Debug|Any CPU = Debug|Any CPU
		Release|Any CPU = Release|Any CPU
	EndGlobalSection
	GlobalSection(ProjectConfigurationPlatforms) = postSolution
		{2876598C-67AB-46A2-ACD0-08A14E28D5C1}.Debug|Any CPU.ActiveCfg = Debug|Any CPU
		{2876598C-67AB-46A2-ACD0-08A14E28D5C1}.Debug|Any CPU.Build.0 = Debug|Any CPU
		{2876598C-67AB-46A2-ACD0-08A14E28D5C1}.Release|Any CPU.ActiveCfg = Release|Any CPU
		{2876598C-67AB-46A2-ACD0-08A14E28D5C1}.Release|Any CPU.Build.0 = Release|Any CPU
		{DB1A7089-73EB-4C35-812E-296C87E0A851}.Debug|Any CPU.ActiveCfg = Debug|Any CPU
		{DB1A7089-73EB-4C35-812E-296C87E0A851}.Debug|Any CPU.Build.0 = Debug|Any CPU
		{DB1A7089-73EB-4C35-812E-296C87E0A851}.Release|Any CPU.ActiveCfg = Release|Any CPU
		{DB1A7089-73EB-4C35-812E-296C87E0A851}.Release|Any CPU.Build.0 = Release|Any CPU
		{7545E695-109D-4201-95FB-064F023AC1F9}.Debug|Any CPU.ActiveCfg = Debug|Any CPU
		{7545E695-109D-4201-95FB-064F023AC1F9}.Debug|Any CPU.Build.0 = Debug|Any CPU
		{7545E695-109D-4201-95FB-064F023AC1F9}.Release|Any CPU.ActiveCfg = Release|Any CPU
		{7545E695-109D-4201-95FB-064F023AC1F9}.Release|Any CPU.Build.0 = Release|Any CPU
	EndGlobalSection
	GlobalSection(SolutionProperties) = preSolution
		HideSolutionNode = FALSE
	EndGlobalSection
	GlobalSection(ExtensibilityGlobals) = postSolution
		SolutionGuid = {1258B9F6-8174-48C0-A3B9-EAD247649970}
	EndGlobalSection
EndGlobal
